
Microsoft Visual Studio Solution File, Format Version 12.00
# Visual Studio 15
VisualStudioVersion = 15.0.28307.438
MinimumVisualStudioVersion = 10.0.40219.1
Project("{8BC9CEB8-8B4A-11D0-8D11-00A0C91BC942}") = "5-虚函数和多态-shape", "5-虚函数和多态-shape\5-虚函数和多态-shape.vcxproj", "{7485478F-C561-4A88-BCE3-AA511010D932}"
EndProject
Project("{8BC9CEB8-8B4A-11D0-8D11-00A0C91BC942}") = "3-继承和派生shape", "3-继承和派生shape\3-继承和派生shape.vcxproj", "{0806AD85-14AB-4300-96B0-EAE5A86FEF13}"
EndProject
Project("{8BC9CEB8-8B4A-11D0-8D11-00A0C91BC942}") = "4-IO流实验", "4-IO流实验\4-IO流实验.vcxproj", "{6A778954-CF36-421D-9B2D-59532491F198}"
EndProject
Project("{8BC9CEB8-8B4A-11D0-8D11-00A0C91BC942}") = "5.2重载++和--（对point）(顺便重载cin,cout)", "5.2重载++和--（对point）(顺便重载cin,cout)\5.2重载++和--（对point）(顺便重载cin,cout).vcxproj", "{CFD4CAD2-BCD9-48FD-B1E2-E7F196E7AEBA}"
EndProject
Project("{8BC9CEB8-8B4A-11D0-8D11-00A0C91BC942}") = "STL_list", "STL_list\STL_list.vcxproj", "{A548B86A-3E17-498D-BB59-5C8C3887CC19}"
EndProject
Project("{8BC9CEB8-8B4A-11D0-8D11-00A0C91BC942}") = "函数对象", "函数对象\函数对象.vcxproj", "{354ED5B4-E352-4F2D-9BCB-DFE42DB9F704}"
EndProject
Project("{8BC9CEB8-8B4A-11D0-8D11-00A0C91BC942}") = "测试同名隐藏-虚函数实函数-继承多态", "测试同名隐藏-虚函数实函数-继承多态\测试同名隐藏-虚函数实函数-继承多态.vcxproj", "{6FC0C13D-4E83-4EF5-9602-F7B5D3B025D4}"
EndProject
Project("{8BC9CEB8-8B4A-11D0-8D11-00A0C91BC942}") = "4-IO流实验v2-异常处理", "4-IO流实验v2-异常处理\4-IO流实验v2-异常处理.vcxproj", "{D3170D6F-1CC9-4C2A-9395-D6423A56235D}"
EndProject
Global
	GlobalSection(SolutionConfigurationPlatforms) = preSolution
		Debug|x64 = Debug|x64
		Debug|x86 = Debug|x86
		Release|x64 = Release|x64
		Release|x86 = Release|x86
	EndGlobalSection
	GlobalSection(ProjectConfigurationPlatforms) = postSolution
		{7485478F-C561-4A88-BCE3-AA511010D932}.Debug|x64.ActiveCfg = Debug|x64
		{7485478F-C561-4A88-BCE3-AA511010D932}.Debug|x64.Build.0 = Debug|x64
		{7485478F-C561-4A88-BCE3-AA511010D932}.Debug|x86.ActiveCfg = Debug|Win32
		{7485478F-C561-4A88-BCE3-AA511010D932}.Debug|x86.Build.0 = Debug|Win32
		{7485478F-C561-4A88-BCE3-AA511010D932}.Release|x64.ActiveCfg = Release|x64
		{7485478F-C561-4A88-BCE3-AA511010D932}.Release|x64.Build.0 = Release|x64
		{7485478F-C561-4A88-BCE3-AA511010D932}.Release|x86.ActiveCfg = Release|Win32
		{7485478F-C561-4A88-BCE3-AA511010D932}.Release|x86.Build.0 = Release|Win32
		{0806AD85-14AB-4300-96B0-EAE5A86FEF13}.Debug|x64.ActiveCfg = Debug|x64
		{0806AD85-14AB-4300-96B0-EAE5A86FEF13}.Debug|x64.Build.0 = Debug|x64
		{0806AD85-14AB-4300-96B0-EAE5A86FEF13}.Debug|x86.ActiveCfg = Debug|Win32
		{0806AD85-14AB-4300-96B0-EAE5A86FEF13}.Debug|x86.Build.0 = Debug|Win32
		{0806AD85-14AB-4300-96B0-EAE5A86FEF13}.Release|x64.ActiveCfg = Release|x64
		{0806AD85-14AB-4300-96B0-EAE5A86FEF13}.Release|x64.Build.0 = Release|x64
		{0806AD85-14AB-4300-96B0-EAE5A86FEF13}.Release|x86.ActiveCfg = Release|Win32
		{0806AD85-14AB-4300-96B0-EAE5A86FEF13}.Release|x86.Build.0 = Release|Win32
		{6A778954-CF36-421D-9B2D-59532491F198}.Debug|x64.ActiveCfg = Debug|x64
		{6A778954-CF36-421D-9B2D-59532491F198}.Debug|x64.Build.0 = Debug|x64
		{6A778954-CF36-421D-9B2D-59532491F198}.Debug|x86.ActiveCfg = Debug|Win32
		{6A778954-CF36-421D-9B2D-59532491F198}.Debug|x86.Build.0 = Debug|Win32
		{6A778954-CF36-421D-9B2D-59532491F198}.Release|x64.ActiveCfg = Release|x64
		{6A778954-CF36-421D-9B2D-59532491F198}.Release|x64.Build.0 = Release|x64
		{6A778954-CF36-421D-9B2D-59532491F198}.Release|x86.ActiveCfg = Release|Win32
		{6A778954-CF36-421D-9B2D-59532491F198}.Release|x86.Build.0 = Release|Win32
		{CFD4CAD2-BCD9-48FD-B1E2-E7F196E7AEBA}.Debug|x64.ActiveCfg = Debug|x64
		{CFD4CAD2-BCD9-48FD-B1E2-E7F196E7AEBA}.Debug|x64.Build.0 = Debug|x64
		{CFD4CAD2-BCD9-48FD-B1E2-E7F196E7AEBA}.Debug|x86.ActiveCfg = Debug|Win32
		{CFD4CAD2-BCD9-48FD-B1E2-E7F196E7AEBA}.Debug|x86.Build.0 = Debug|Win32
		{CFD4CAD2-BCD9-48FD-B1E2-E7F196E7AEBA}.Release|x64.ActiveCfg = Release|x64
		{CFD4CAD2-BCD9-48FD-B1E2-E7F196E7AEBA}.Release|x64.Build.0 = Release|x64
		{CFD4CAD2-BCD9-48FD-B1E2-E7F196E7AEBA}.Release|x86.ActiveCfg = Release|Win32
		{CFD4CAD2-BCD9-48FD-B1E2-E7F196E7AEBA}.Release|x86.Build.0 = Release|Win32
		{A548B86A-3E17-498D-BB59-5C8C3887CC19}.Debug|x64.ActiveCfg = Debug|x64
		{A548B86A-3E17-498D-BB59-5C8C3887CC19}.Debug|x64.Build.0 = Debug|x64
		{A548B86A-3E17-498D-BB59-5C8C3887CC19}.Debug|x86.ActiveCfg = Debug|Win32
		{A548B86A-3E17-498D-BB59-5C8C3887CC19}.Debug|x86.Build.0 = Debug|Win32
		{A548B86A-3E17-498D-BB59-5C8C3887CC19}.Release|x64.ActiveCfg = Release|x64
		{A548B86A-3E17-498D-BB59-5C8C3887CC19}.Release|x64.Build.0 = Release|x64
		{A548B86A-3E17-498D-BB59-5C8C3887CC19}.Release|x86.ActiveCfg = Release|Win32
		{A548B86A-3E17-498D-BB59-5C8C3887CC19}.Release|x86.Build.0 = Release|Win32
		{354ED5B4-E352-4F2D-9BCB-DFE42DB9F704}.Debug|x64.ActiveCfg = Debug|x64
		{354ED5B4-E352-4F2D-9BCB-DFE42DB9F704}.Debug|x64.Build.0 = Debug|x64
		{354ED5B4-E352-4F2D-9BCB-DFE42DB9F704}.Debug|x86.ActiveCfg = Debug|Win32
		{354ED5B4-E352-4F2D-9BCB-DFE42DB9F704}.Debug|x86.Build.0 = Debug|Win32
		{354ED5B4-E352-4F2D-9BCB-DFE42DB9F704}.Release|x64.ActiveCfg = Release|x64
		{354ED5B4-E352-4F2D-9BCB-DFE42DB9F704}.Release|x64.Build.0 = Release|x64
		{354ED5B4-E352-4F2D-9BCB-DFE42DB9F704}.Release|x86.ActiveCfg = Release|Win32
		{354ED5B4-E352-4F2D-9BCB-DFE42DB9F704}.Release|x86.Build.0 = Release|Win32
		{6FC0C13D-4E83-4EF5-9602-F7B5D3B025D4}.Debug|x64.ActiveCfg = Debug|x64
		{6FC0C13D-4E83-4EF5-9602-F7B5D3B025D4}.Debug|x64.Build.0 = Debug|x64
		{6FC0C13D-4E83-4EF5-9602-F7B5D3B025D4}.Debug|x86.ActiveCfg = Debug|Win32
		{6FC0C13D-4E83-4EF5-9602-F7B5D3B025D4}.Debug|x86.Build.0 = Debug|Win32
		{6FC0C13D-4E83-4EF5-9602-F7B5D3B025D4}.Release|x64.ActiveCfg = Release|x64
		{6FC0C13D-4E83-4EF5-9602-F7B5D3B025D4}.Release|x64.Build.0 = Release|x64
		{6FC0C13D-4E83-4EF5-9602-F7B5D3B025D4}.Release|x86.ActiveCfg = Release|Win32
		{6FC0C13D-4E83-4EF5-9602-F7B5D3B025D4}.Release|x86.Build.0 = Release|Win32
		{D3170D6F-1CC9-4C2A-9395-D6423A56235D}.Debug|x64.ActiveCfg = Debug|x64
		{D3170D6F-1CC9-4C2A-9395-D6423A56235D}.Debug|x64.Build.0 = Debug|x64
		{D3170D6F-1CC9-4C2A-9395-D6423A56235D}.Debug|x86.ActiveCfg = Debug|Win32
		{D3170D6F-1CC9-4C2A-9395-D6423A56235D}.Debug|x86.Build.0 = Debug|Win32
		{D3170D6F-1CC9-4C2A-9395-D6423A56235D}.Release|x64.ActiveCfg = Release|x64
		{D3170D6F-1CC9-4C2A-9395-D6423A56235D}.Release|x64.Build.0 = Release|x64
		{D3170D6F-1CC9-4C2A-9395-D6423A56235D}.Release|x86.ActiveCfg = Release|Win32
		{D3170D6F-1CC9-4C2A-9395-D6423A56235D}.Release|x86.Build.0 = Release|Win32
	EndGlobalSection
	GlobalSection(SolutionProperties) = preSolution
		HideSolutionNode = FALSE
	EndGlobalSection
	GlobalSection(ExtensibilityGlobals) = postSolution
		SolutionGuid = {4A6CCAFF-AE22-4BAA-9814-5C000F977AD3}
	EndGlobalSection
EndGlobal
