
Microsoft Visual Studio Solution File, Format Version 12.00
# Visual Studio 15
VisualStudioVersion = 15.0.28307.438
MinimumVisualStudioVersion = 10.0.40219.1
Project("{8BC9CEB8-8B4A-11D0-8D11-00A0C91BC942}") = "5-虚函数和多态-shape", "5-虚函数和多态-shape\5-虚函数和多态-shape.vcxproj", "{7485478F-C561-4A88-BCE3-AA511010D932}"
EndProject
Project("{8BC9CEB8-8B4A-11D0-8D11-00A0C91BC942}") = "3-继承和派生shape", "3-继承和派生shape\3-继承和派生shape.vcxproj", "{0806AD85-14AB-4300-96B0-EAE5A86FEF13}"
EndProject
Project("{8BC9CEB8-8B4A-11D0-8D11-00A0C91BC942}") = "4-IO流实验", "4-IO流实验\4-IO流实验.vcxproj", "{6A778954-CF36-421D-9B2D-59532491F198}"
EndProject
Project("{8BC9CEB8-8B4A-11D0-8D11-00A0C91BC942}") = "5.2重载++和--（对point）(顺便重载cin,cout)", "5.2重载++和--（对point）(顺便重载cin,cout)\5.2重载++和--（对point）(顺便重载cin,cout).vcxproj", "{CFD4CAD2-BCD9-48FD-B1E2-E7F196E7AEBA}"
EndProject
Project("{8BC9CEB8-8B4A-11D0-8D11-00A0C91BC942}") = "函数对象", "函数对象\函数对象.vcxproj", "{354ED5B4-E352-4F2D-9BCB-DFE42DB9F704}"
EndProject
Project("{8BC9CEB8-8B4A-11D0-8D11-00A0C91BC942}") = "测试同名隐藏-虚函数实函数-继承多态", "测试同名隐藏-虚函数实函数-继承多态\测试同名隐藏-虚函数实函数-继承多态.vcxproj", "{6FC0C13D-4E83-4EF5-9602-F7B5D3B025D4}"
EndProject
Project("{8BC9CEB8-8B4A-11D0-8D11-00A0C91BC942}") = "4-IO流实验v2-异常处理", "4-IO流实验v2-异常处理\4-IO流实验v2-异常处理.vcxproj", "{D3170D6F-1CC9-4C2A-9395-D6423A56235D}"
EndProject
Project("{8BC9CEB8-8B4A-11D0-8D11-00A0C91BC942}") = "异常处理", "异常处理\异常处理.vcxproj", "{D212D145-DF6D-4AF9-8819-2BDD00879BE6}"
EndProject
Project("{8BC9CEB8-8B4A-11D0-8D11-00A0C91BC942}") = "1 C++基础知识实验-矩阵", "1 C++基础知识实验-矩阵\1 C++基础知识实验-矩阵.vcxproj", "{39D75E63-024D-4809-B8E6-BC92BB78F3EE}"
EndProject
Project("{8BC9CEB8-8B4A-11D0-8D11-00A0C91BC942}") = "2.1类与对象-圆形-v2", "2.1类与对象-圆形-v2\2.1类与对象-圆形-v2.vcxproj", "{46BC44C7-1B04-4247-A1DF-677C8AD12623}"
EndProject
Project("{8BC9CEB8-8B4A-11D0-8D11-00A0C91BC942}") = "2.2 类与对象-矩阵", "2.2 类与对象-矩阵\2.2 类与对象-矩阵.vcxproj", "{25CF2275-CEC9-45F2-AD48-186CE058580F}"
EndProject
Project("{8BC9CEB8-8B4A-11D0-8D11-00A0C91BC942}") = "cout重定向", "cout重定向\cout重定向.vcxproj", "{D0151259-E562-47DA-9FE5-6381635196C5}"
EndProject
Project("{8BC9CEB8-8B4A-11D0-8D11-00A0C91BC942}") = "多线程", "多线程\多线程.vcxproj", "{4BBFB6DD-0FAE-4F71-81C3-18DAB11D03D8}"
EndProject
Project("{8BC9CEB8-8B4A-11D0-8D11-00A0C91BC942}") = "多线程mutex", "多线程mutex\多线程mutex.vcxproj", "{99A663B3-4FDA-4379-90BA-EEA2963A0612}"
EndProject
Global
	GlobalSection(SolutionConfigurationPlatforms) = preSolution
		Debug|x64 = Debug|x64
		Debug|x86 = Debug|x86
		Release|x64 = Release|x64
		Release|x86 = Release|x86
	EndGlobalSection
	GlobalSection(ProjectConfigurationPlatforms) = postSolution
		{7485478F-C561-4A88-BCE3-AA511010D932}.Debug|x64.ActiveCfg = Debug|x64
		{7485478F-C561-4A88-BCE3-AA511010D932}.Debug|x64.Build.0 = Debug|x64
		{7485478F-C561-4A88-BCE3-AA511010D932}.Debug|x86.ActiveCfg = Debug|Win32
		{7485478F-C561-4A88-BCE3-AA511010D932}.Debug|x86.Build.0 = Debug|Win32
		{7485478F-C561-4A88-BCE3-AA511010D932}.Release|x64.ActiveCfg = Release|x64
		{7485478F-C561-4A88-BCE3-AA511010D932}.Release|x64.Build.0 = Release|x64
		{7485478F-C561-4A88-BCE3-AA511010D932}.Release|x86.ActiveCfg = Release|Win32
		{7485478F-C561-4A88-BCE3-AA511010D932}.Release|x86.Build.0 = Release|Win32
		{0806AD85-14AB-4300-96B0-EAE5A86FEF13}.Debug|x64.ActiveCfg = Debug|x64
		{0806AD85-14AB-4300-96B0-EAE5A86FEF13}.Debug|x64.Build.0 = Debug|x64
		{0806AD85-14AB-4300-96B0-EAE5A86FEF13}.Debug|x86.ActiveCfg = Debug|Win32
		{0806AD85-14AB-4300-96B0-EAE5A86FEF13}.Debug|x86.Build.0 = Debug|Win32
		{0806AD85-14AB-4300-96B0-EAE5A86FEF13}.Release|x64.ActiveCfg = Release|x64
		{0806AD85-14AB-4300-96B0-EAE5A86FEF13}.Release|x64.Build.0 = Release|x64
		{0806AD85-14AB-4300-96B0-EAE5A86FEF13}.Release|x86.ActiveCfg = Release|Win32
		{0806AD85-14AB-4300-96B0-EAE5A86FEF13}.Release|x86.Build.0 = Release|Win32
		{6A778954-CF36-421D-9B2D-59532491F198}.Debug|x64.ActiveCfg = Debug|x64
		{6A778954-CF36-421D-9B2D-59532491F198}.Debug|x64.Build.0 = Debug|x64
		{6A778954-CF36-421D-9B2D-59532491F198}.Debug|x86.ActiveCfg = Debug|Win32
		{6A778954-CF36-421D-9B2D-59532491F198}.Debug|x86.Build.0 = Debug|Win32
		{6A778954-CF36-421D-9B2D-59532491F198}.Release|x64.ActiveCfg = Release|x64
		{6A778954-CF36-421D-9B2D-59532491F198}.Release|x64.Build.0 = Release|x64
		{6A778954-CF36-421D-9B2D-59532491F198}.Release|x86.ActiveCfg = Release|Win32
		{6A778954-CF36-421D-9B2D-59532491F198}.Release|x86.Build.0 = Release|Win32
		{CFD4CAD2-BCD9-48FD-B1E2-E7F196E7AEBA}.Debug|x64.ActiveCfg = Debug|x64
		{CFD4CAD2-BCD9-48FD-B1E2-E7F196E7AEBA}.Debug|x64.Build.0 = Debug|x64
		{CFD4CAD2-BCD9-48FD-B1E2-E7F196E7AEBA}.Debug|x86.ActiveCfg = Debug|Win32
		{CFD4CAD2-BCD9-48FD-B1E2-E7F196E7AEBA}.Debug|x86.Build.0 = Debug|Win32
		{CFD4CAD2-BCD9-48FD-B1E2-E7F196E7AEBA}.Release|x64.ActiveCfg = Release|x64
		{CFD4CAD2-BCD9-48FD-B1E2-E7F196E7AEBA}.Release|x64.Build.0 = Release|x64
		{CFD4CAD2-BCD9-48FD-B1E2-E7F196E7AEBA}.Release|x86.ActiveCfg = Release|Win32
		{CFD4CAD2-BCD9-48FD-B1E2-E7F196E7AEBA}.Release|x86.Build.0 = Release|Win32
		{354ED5B4-E352-4F2D-9BCB-DFE42DB9F704}.Debug|x64.ActiveCfg = Debug|x64
		{354ED5B4-E352-4F2D-9BCB-DFE42DB9F704}.Debug|x64.Build.0 = Debug|x64
		{354ED5B4-E352-4F2D-9BCB-DFE42DB9F704}.Debug|x86.ActiveCfg = Debug|Win32
		{354ED5B4-E352-4F2D-9BCB-DFE42DB9F704}.Debug|x86.Build.0 = Debug|Win32
		{354ED5B4-E352-4F2D-9BCB-DFE42DB9F704}.Release|x64.ActiveCfg = Release|x64
		{354ED5B4-E352-4F2D-9BCB-DFE42DB9F704}.Release|x64.Build.0 = Release|x64
		{354ED5B4-E352-4F2D-9BCB-DFE42DB9F704}.Release|x86.ActiveCfg = Release|Win32
		{354ED5B4-E352-4F2D-9BCB-DFE42DB9F704}.Release|x86.Build.0 = Release|Win32
		{6FC0C13D-4E83-4EF5-9602-F7B5D3B025D4}.Debug|x64.ActiveCfg = Debug|x64
		{6FC0C13D-4E83-4EF5-9602-F7B5D3B025D4}.Debug|x64.Build.0 = Debug|x64
		{6FC0C13D-4E83-4EF5-9602-F7B5D3B025D4}.Debug|x86.ActiveCfg = Debug|Win32
		{6FC0C13D-4E83-4EF5-9602-F7B5D3B025D4}.Debug|x86.Build.0 = Debug|Win32
		{6FC0C13D-4E83-4EF5-9602-F7B5D3B025D4}.Release|x64.ActiveCfg = Release|x64
		{6FC0C13D-4E83-4EF5-9602-F7B5D3B025D4}.Release|x64.Build.0 = Release|x64
		{6FC0C13D-4E83-4EF5-9602-F7B5D3B025D4}.Release|x86.ActiveCfg = Release|Win32
		{6FC0C13D-4E83-4EF5-9602-F7B5D3B025D4}.Release|x86.Build.0 = Release|Win32
		{D3170D6F-1CC9-4C2A-9395-D6423A56235D}.Debug|x64.ActiveCfg = Debug|x64
		{D3170D6F-1CC9-4C2A-9395-D6423A56235D}.Debug|x64.Build.0 = Debug|x64
		{D3170D6F-1CC9-4C2A-9395-D6423A56235D}.Debug|x86.ActiveCfg = Debug|Win32
		{D3170D6F-1CC9-4C2A-9395-D6423A56235D}.Debug|x86.Build.0 = Debug|Win32
		{D3170D6F-1CC9-4C2A-9395-D6423A56235D}.Release|x64.ActiveCfg = Release|x64
		{D3170D6F-1CC9-4C2A-9395-D6423A56235D}.Release|x64.Build.0 = Release|x64
		{D3170D6F-1CC9-4C2A-9395-D6423A56235D}.Release|x86.ActiveCfg = Release|Win32
		{D3170D6F-1CC9-4C2A-9395-D6423A56235D}.Release|x86.Build.0 = Release|Win32
		{D212D145-DF6D-4AF9-8819-2BDD00879BE6}.Debug|x64.ActiveCfg = Debug|x64
		{D212D145-DF6D-4AF9-8819-2BDD00879BE6}.Debug|x64.Build.0 = Debug|x64
		{D212D145-DF6D-4AF9-8819-2BDD00879BE6}.Debug|x86.ActiveCfg = Debug|Win32
		{D212D145-DF6D-4AF9-8819-2BDD00879BE6}.Debug|x86.Build.0 = Debug|Win32
		{D212D145-DF6D-4AF9-8819-2BDD00879BE6}.Release|x64.ActiveCfg = Release|x64
		{D212D145-DF6D-4AF9-8819-2BDD00879BE6}.Release|x64.Build.0 = Release|x64
		{D212D145-DF6D-4AF9-8819-2BDD00879BE6}.Release|x86.ActiveCfg = Release|Win32
		{D212D145-DF6D-4AF9-8819-2BDD00879BE6}.Release|x86.Build.0 = Release|Win32
		{39D75E63-024D-4809-B8E6-BC92BB78F3EE}.Debug|x64.ActiveCfg = Debug|x64
		{39D75E63-024D-4809-B8E6-BC92BB78F3EE}.Debug|x64.Build.0 = Debug|x64
		{39D75E63-024D-4809-B8E6-BC92BB78F3EE}.Debug|x86.ActiveCfg = Debug|Win32
		{39D75E63-024D-4809-B8E6-BC92BB78F3EE}.Debug|x86.Build.0 = Debug|Win32
		{39D75E63-024D-4809-B8E6-BC92BB78F3EE}.Release|x64.ActiveCfg = Release|x64
		{39D75E63-024D-4809-B8E6-BC92BB78F3EE}.Release|x64.Build.0 = Release|x64
		{39D75E63-024D-4809-B8E6-BC92BB78F3EE}.Release|x86.ActiveCfg = Release|Win32
		{39D75E63-024D-4809-B8E6-BC92BB78F3EE}.Release|x86.Build.0 = Release|Win32
		{46BC44C7-1B04-4247-A1DF-677C8AD12623}.Debug|x64.ActiveCfg = Debug|x64
		{46BC44C7-1B04-4247-A1DF-677C8AD12623}.Debug|x64.Build.0 = Debug|x64
		{46BC44C7-1B04-4247-A1DF-677C8AD12623}.Debug|x86.ActiveCfg = Debug|Win32
		{46BC44C7-1B04-4247-A1DF-677C8AD12623}.Debug|x86.Build.0 = Debug|Win32
		{46BC44C7-1B04-4247-A1DF-677C8AD12623}.Release|x64.ActiveCfg = Release|x64
		{46BC44C7-1B04-4247-A1DF-677C8AD12623}.Release|x64.Build.0 = Release|x64
		{46BC44C7-1B04-4247-A1DF-677C8AD12623}.Release|x86.ActiveCfg = Release|Win32
		{46BC44C7-1B04-4247-A1DF-677C8AD12623}.Release|x86.Build.0 = Release|Win32
		{25CF2275-CEC9-45F2-AD48-186CE058580F}.Debug|x64.ActiveCfg = Debug|x64
		{25CF2275-CEC9-45F2-AD48-186CE058580F}.Debug|x64.Build.0 = Debug|x64
		{25CF2275-CEC9-45F2-AD48-186CE058580F}.Debug|x86.ActiveCfg = Debug|Win32
		{25CF2275-CEC9-45F2-AD48-186CE058580F}.Debug|x86.Build.0 = Debug|Win32
		{25CF2275-CEC9-45F2-AD48-186CE058580F}.Release|x64.ActiveCfg = Release|x64
		{25CF2275-CEC9-45F2-AD48-186CE058580F}.Release|x64.Build.0 = Release|x64
		{25CF2275-CEC9-45F2-AD48-186CE058580F}.Release|x86.ActiveCfg = Release|Win32
		{25CF2275-CEC9-45F2-AD48-186CE058580F}.Release|x86.Build.0 = Release|Win32
		{D0151259-E562-47DA-9FE5-6381635196C5}.Debug|x64.ActiveCfg = Debug|x64
		{D0151259-E562-47DA-9FE5-6381635196C5}.Debug|x64.Build.0 = Debug|x64
		{D0151259-E562-47DA-9FE5-6381635196C5}.Debug|x86.ActiveCfg = Debug|Win32
		{D0151259-E562-47DA-9FE5-6381635196C5}.Debug|x86.Build.0 = Debug|Win32
		{D0151259-E562-47DA-9FE5-6381635196C5}.Release|x64.ActiveCfg = Release|x64
		{D0151259-E562-47DA-9FE5-6381635196C5}.Release|x64.Build.0 = Release|x64
		{D0151259-E562-47DA-9FE5-6381635196C5}.Release|x86.ActiveCfg = Release|Win32
		{D0151259-E562-47DA-9FE5-6381635196C5}.Release|x86.Build.0 = Release|Win32
		{4BBFB6DD-0FAE-4F71-81C3-18DAB11D03D8}.Debug|x64.ActiveCfg = Debug|x64
		{4BBFB6DD-0FAE-4F71-81C3-18DAB11D03D8}.Debug|x64.Build.0 = Debug|x64
		{4BBFB6DD-0FAE-4F71-81C3-18DAB11D03D8}.Debug|x86.ActiveCfg = Debug|Win32
		{4BBFB6DD-0FAE-4F71-81C3-18DAB11D03D8}.Debug|x86.Build.0 = Debug|Win32
		{4BBFB6DD-0FAE-4F71-81C3-18DAB11D03D8}.Release|x64.ActiveCfg = Release|x64
		{4BBFB6DD-0FAE-4F71-81C3-18DAB11D03D8}.Release|x64.Build.0 = Release|x64
		{4BBFB6DD-0FAE-4F71-81C3-18DAB11D03D8}.Release|x86.ActiveCfg = Release|Win32
		{4BBFB6DD-0FAE-4F71-81C3-18DAB11D03D8}.Release|x86.Build.0 = Release|Win32
		{99A663B3-4FDA-4379-90BA-EEA2963A0612}.Debug|x64.ActiveCfg = Debug|x64
		{99A663B3-4FDA-4379-90BA-EEA2963A0612}.Debug|x64.Build.0 = Debug|x64
		{99A663B3-4FDA-4379-90BA-EEA2963A0612}.Debug|x86.ActiveCfg = Debug|Win32
		{99A663B3-4FDA-4379-90BA-EEA2963A0612}.Debug|x86.Build.0 = Debug|Win32
		{99A663B3-4FDA-4379-90BA-EEA2963A0612}.Release|x64.ActiveCfg = Release|x64
		{99A663B3-4FDA-4379-90BA-EEA2963A0612}.Release|x64.Build.0 = Release|x64
		{99A663B3-4FDA-4379-90BA-EEA2963A0612}.Release|x86.ActiveCfg = Release|Win32
		{99A663B3-4FDA-4379-90BA-EEA2963A0612}.Release|x86.Build.0 = Release|Win32
	EndGlobalSection
	GlobalSection(SolutionProperties) = preSolution
		HideSolutionNode = FALSE
	EndGlobalSection
	GlobalSection(ExtensibilityGlobals) = postSolution
		SolutionGuid = {4A6CCAFF-AE22-4BAA-9814-5C000F977AD3}
	EndGlobalSection
EndGlobal
